# This file is automatically @generated by Cargo.
# It is not intended for manual editing.
version = 3

[[package]]
name = "addr2line"
version = "0.21.0"
source = "registry+https://github.com/rust-lang/crates.io-index"
checksum = "8a30b2e23b9e17a9f90641c7ab1549cd9b44f296d3ccbf309d2863cfe398a0cb"
dependencies = [
 "gimli",
]

[[package]]
name = "adler"
version = "1.0.2"
source = "registry+https://github.com/rust-lang/crates.io-index"
checksum = "f26201604c87b1e01bd3d98f8d5d9a8fcbb815e8cedb41ffccbeb4bf593a35fe"

[[package]]
name = "android-tzdata"
version = "0.1.1"
source = "registry+https://github.com/rust-lang/crates.io-index"
checksum = "e999941b234f3131b00bc13c22d06e8c5ff726d1b6318ac7eb276997bbb4fef0"

[[package]]
name = "android_system_properties"
version = "0.1.5"
source = "registry+https://github.com/rust-lang/crates.io-index"
checksum = "819e7219dbd41043ac279b19830f2efc897156490d7fd6ea916720117ee66311"
dependencies = [
 "libc",
]

[[package]]
name = "anstream"
version = "0.6.4"
source = "registry+https://github.com/rust-lang/crates.io-index"
checksum = "2ab91ebe16eb252986481c5b62f6098f3b698a45e34b5b98200cf20dd2484a44"
dependencies = [
 "anstyle",
 "anstyle-parse",
 "anstyle-query",
 "anstyle-wincon",
 "colorchoice",
 "utf8parse",
]

[[package]]
name = "anstyle"
version = "1.0.4"
source = "registry+https://github.com/rust-lang/crates.io-index"
checksum = "7079075b41f533b8c61d2a4d073c4676e1f8b249ff94a393b0595db304e0dd87"

[[package]]
name = "anstyle-parse"
version = "0.2.2"
source = "registry+https://github.com/rust-lang/crates.io-index"
checksum = "317b9a89c1868f5ea6ff1d9539a69f45dffc21ce321ac1fd1160dfa48c8e2140"
dependencies = [
 "utf8parse",
]

[[package]]
name = "anstyle-query"
version = "1.0.0"
source = "registry+https://github.com/rust-lang/crates.io-index"
checksum = "5ca11d4be1bab0c8bc8734a9aa7bf4ee8316d462a08c6ac5052f888fef5b494b"
dependencies = [
 "windows-sys 0.48.0",
]

[[package]]
name = "anstyle-wincon"
version = "3.0.1"
source = "registry+https://github.com/rust-lang/crates.io-index"
checksum = "f0699d10d2f4d628a98ee7b57b289abbc98ff3bad977cb3152709d4bf2330628"
dependencies = [
 "anstyle",
 "windows-sys 0.48.0",
]

[[package]]
name = "anyhow"
version = "1.0.75"
source = "registry+https://github.com/rust-lang/crates.io-index"
checksum = "a4668cab20f66d8d020e1fbc0ebe47217433c1b6c8f2040faf858554e394ace6"

[[package]]
name = "autocfg"
version = "1.1.0"
source = "registry+https://github.com/rust-lang/crates.io-index"
checksum = "d468802bab17cbc0cc575e9b053f41e72aa36bfa6b7f55e3529ffa43161b97fa"

[[package]]
name = "backtrace"
version = "0.3.69"
source = "registry+https://github.com/rust-lang/crates.io-index"
checksum = "2089b7e3f35b9dd2d0ed921ead4f6d318c27680d4a5bd167b3ee120edb105837"
dependencies = [
 "addr2line",
 "cc",
 "cfg-if",
 "libc",
 "miniz_oxide",
 "object",
 "rustc-demangle",
]

[[package]]
name = "bg3-plugin-lib"
version = "0.1.0"
source = "git+https://github.com/MolotovCherry/BG3-Plugin-Lib#6869dc4c8e633108bbe55c960f0bea305bb05e1a"
dependencies = [
 "konst",
 "windows 0.51.1",
]

[[package]]
name = "bitflags"
version = "1.3.2"
source = "registry+https://github.com/rust-lang/crates.io-index"
checksum = "bef38d45163c2f1dde094a7dfd33ccf595c92905c8f8f4fdc18d06fb1037718a"

[[package]]
name = "bumpalo"
version = "3.14.0"
source = "registry+https://github.com/rust-lang/crates.io-index"
checksum = "7f30e7476521f6f8af1a1c4c0b8cc94f0bee37d91763d0ca2665f299b6cd8aec"

[[package]]
name = "cc"
version = "1.0.83"
source = "registry+https://github.com/rust-lang/crates.io-index"
checksum = "f1174fb0b6ec23863f8b971027804a42614e347eafb0a95bf0b12cdae21fc4d0"
dependencies = [
 "libc",
]

[[package]]
name = "cfg-if"
version = "1.0.0"
source = "registry+https://github.com/rust-lang/crates.io-index"
checksum = "baf1de4339761588bc0619e3cbc0120ee582ebb74b53b4efbf79117bd2da40fd"

[[package]]
name = "chrono"
version = "0.4.31"
source = "registry+https://github.com/rust-lang/crates.io-index"
checksum = "7f2c685bad3eb3d45a01354cedb7d5faa66194d1d58ba6e267a8de788f79db38"
dependencies = [
 "android-tzdata",
 "iana-time-zone",
 "js-sys",
 "num-traits",
 "wasm-bindgen",
 "windows-targets 0.48.5",
]

[[package]]
name = "colorchoice"
version = "1.0.0"
source = "registry+https://github.com/rust-lang/crates.io-index"
checksum = "acbf1af155f9b9ef647e42cdc158db4b64a1b61f743629225fde6f3e0be2a7c7"

[[package]]
name = "const_panic"
version = "0.2.8"
source = "registry+https://github.com/rust-lang/crates.io-index"
checksum = "6051f239ecec86fde3410901ab7860d458d160371533842974fc61f96d15879b"

[[package]]
name = "core-foundation-sys"
version = "0.8.4"
source = "registry+https://github.com/rust-lang/crates.io-index"
checksum = "e496a50fda8aacccc86d7529e2c1e0892dbd0f898a6b5645b5561b89c3210efa"

[[package]]
name = "crossbeam-deque"
version = "0.8.3"
source = "registry+https://github.com/rust-lang/crates.io-index"
checksum = "ce6fd6f855243022dcecf8702fef0c297d4338e226845fe067f6341ad9fa0cef"
dependencies = [
 "cfg-if",
 "crossbeam-epoch",
 "crossbeam-utils",
]

[[package]]
name = "crossbeam-epoch"
version = "0.9.15"
source = "registry+https://github.com/rust-lang/crates.io-index"
checksum = "ae211234986c545741a7dc064309f67ee1e5ad243d0e48335adc0484d960bcc7"
dependencies = [
 "autocfg",
 "cfg-if",
 "crossbeam-utils",
 "memoffset",
 "scopeguard",
]

[[package]]
name = "crossbeam-utils"
version = "0.8.16"
source = "registry+https://github.com/rust-lang/crates.io-index"
checksum = "5a22b2d63d4d1dc0b7f1b6b2747dd0088008a9be28b6ddf0b1e7d335e3037294"
dependencies = [
 "cfg-if",
]

[[package]]
name = "deranged"
version = "0.3.9"
source = "registry+https://github.com/rust-lang/crates.io-index"
checksum = "0f32d04922c60427da6f9fef14d042d9edddef64cb9d4ce0d64d0685fbeb1fd3"
dependencies = [
 "powerfmt",
]

[[package]]
name = "directories"
version = "5.0.1"
source = "registry+https://github.com/rust-lang/crates.io-index"
checksum = "9a49173b84e034382284f27f1af4dcbbd231ffa358c0fe316541a7337f376a35"
dependencies = [
 "dirs-sys",
]

[[package]]
name = "dirs-sys"
version = "0.4.1"
source = "registry+https://github.com/rust-lang/crates.io-index"
checksum = "520f05a5cbd335fae5a99ff7a6ab8627577660ee5cfd6a94a6a929b52ff0321c"
dependencies = [
 "libc",
 "option-ext",
 "redox_users",
 "windows-sys 0.48.0",
]

[[package]]
name = "either"
version = "1.9.0"
source = "registry+https://github.com/rust-lang/crates.io-index"
checksum = "a26ae43d7bcc3b814de94796a5e736d4029efb0ee900c12e2d54c993ad1a1e07"

[[package]]
name = "equivalent"
version = "1.0.1"
source = "registry+https://github.com/rust-lang/crates.io-index"
checksum = "5443807d6dff69373d433ab9ef5378ad8df50ca6298caf15de6e52e24aaf54d5"

[[package]]
name = "getrandom"
version = "0.2.10"
source = "registry+https://github.com/rust-lang/crates.io-index"
checksum = "be4136b2a15dd319360be1c07d9933517ccf0be8f16bf62a3bee4f0d618df427"
dependencies = [
 "cfg-if",
 "libc",
 "wasi",
]

[[package]]
name = "gimli"
version = "0.28.0"
source = "registry+https://github.com/rust-lang/crates.io-index"
checksum = "6fb8d784f27acf97159b40fc4db5ecd8aa23b9ad5ef69cdd136d3bc80665f0c0"

[[package]]
name = "hashbrown"
version = "0.14.2"
source = "registry+https://github.com/rust-lang/crates.io-index"
checksum = "f93e7192158dbcda357bdec5fb5788eebf8bbac027f3f33e719d29135ae84156"

[[package]]
name = "human-panic"
version = "1.2.2"
source = "registry+https://github.com/rust-lang/crates.io-index"
checksum = "7a79a67745be0cb8dd2771f03b24c2f25df98d5471fe7a595d668cfa2e6f843d"
dependencies = [
 "anstream",
 "anstyle",
 "backtrace",
 "os_info",
 "serde",
 "serde_derive",
 "toml 0.8.8",
 "uuid",
]

[[package]]
name = "iana-time-zone"
version = "0.1.58"
source = "registry+https://github.com/rust-lang/crates.io-index"
checksum = "8326b86b6cff230b97d0d312a6c40a60726df3332e721f72a1b035f451663b20"
dependencies = [
 "android_system_properties",
 "core-foundation-sys",
 "iana-time-zone-haiku",
 "js-sys",
 "wasm-bindgen",
 "windows-core 0.51.1",
]

[[package]]
name = "iana-time-zone-haiku"
version = "0.1.2"
source = "registry+https://github.com/rust-lang/crates.io-index"
checksum = "f31827a206f56af32e590ba56d5d2d085f558508192593743f16b2306495269f"
dependencies = [
 "cc",
]

[[package]]
name = "indexmap"
version = "2.1.0"
source = "registry+https://github.com/rust-lang/crates.io-index"
checksum = "d530e1a18b1cb4c484e6e34556a0d948706958449fca0cab753d649f2bce3d1f"
dependencies = [
 "equivalent",
 "hashbrown",
]

[[package]]
name = "itoa"
version = "1.0.9"
source = "registry+https://github.com/rust-lang/crates.io-index"
checksum = "af150ab688ff2122fcef229be89cb50dd66af9e01a4ff320cc137eecc9bacc38"

[[package]]
name = "js-sys"
version = "0.3.65"
source = "registry+https://github.com/rust-lang/crates.io-index"
checksum = "54c0c35952f67de54bb584e9fd912b3023117cbafc0a77d8f3dee1fb5f572fe8"
dependencies = [
 "wasm-bindgen",
]

[[package]]
name = "konst"
version = "0.3.6"
source = "registry+https://github.com/rust-lang/crates.io-index"
checksum = "030400e39b2dff8beaa55986a17e0014ad657f569ca92426aafcb5e8e71faee7"
dependencies = [
 "const_panic",
 "konst_kernel",
 "konst_proc_macros",
 "typewit",
]

[[package]]
name = "konst_kernel"
version = "0.3.6"
source = "registry+https://github.com/rust-lang/crates.io-index"
checksum = "3376133edc39f027d551eb77b077c2865a0ef252b2e7d0dd6b6dc303db95d8b5"
dependencies = [
 "typewit",
]

[[package]]
name = "konst_proc_macros"
version = "0.3.0"
source = "registry+https://github.com/rust-lang/crates.io-index"
checksum = "4e28ab1dc35e09d60c2b8c90d12a9a8d9666c876c10a3739a3196db0103b6043"

[[package]]
name = "libc"
version = "0.2.149"
source = "registry+https://github.com/rust-lang/crates.io-index"
checksum = "a08173bc88b7955d1b3145aa561539096c421ac8debde8cbc3612ec635fee29b"

[[package]]
name = "log"
version = "0.4.20"
source = "registry+https://github.com/rust-lang/crates.io-index"
checksum = "b5e6163cb8c49088c2c36f57875e58ccd8c87c7427f7fbd50ea6710b2f3f2e8f"

[[package]]
name = "memchr"
version = "2.6.4"
source = "registry+https://github.com/rust-lang/crates.io-index"
checksum = "f665ee40bc4a3c5590afb1e9677db74a508659dfd71e126420da8274909a0167"

[[package]]
name = "memoffset"
version = "0.9.0"
source = "registry+https://github.com/rust-lang/crates.io-index"
checksum = "5a634b1c61a95585bd15607c6ab0c4e5b226e695ff2800ba0cdccddf208c406c"
dependencies = [
 "autocfg",
]

[[package]]
name = "miniz_oxide"
version = "0.7.1"
source = "registry+https://github.com/rust-lang/crates.io-index"
checksum = "e7810e0be55b428ada41041c41f32c9f1a42817901b4ccf45fa3d4b6561e74c7"
dependencies = [
 "adler",
]

[[package]]
name = "ntapi"
version = "0.4.1"
source = "registry+https://github.com/rust-lang/crates.io-index"
checksum = "e8a3895c6391c39d7fe7ebc444a87eb2991b2a0bc718fdabd071eec617fc68e4"
dependencies = [
 "winapi",
]

[[package]]
name = "num-traits"
version = "0.2.17"
source = "registry+https://github.com/rust-lang/crates.io-index"
checksum = "39e3200413f237f41ab11ad6d161bc7239c84dcb631773ccd7de3dfe4b5c267c"
dependencies = [
 "autocfg",
]

[[package]]
name = "num_threads"
version = "0.1.6"
source = "registry+https://github.com/rust-lang/crates.io-index"
checksum = "2819ce041d2ee131036f4fc9d6ae7ae125a3a40e97ba64d04fe799ad9dabbb44"
dependencies = [
 "libc",
]

[[package]]
name = "object"
version = "0.32.1"
source = "registry+https://github.com/rust-lang/crates.io-index"
checksum = "9cf5f9dd3933bd50a9e1f149ec995f39ae2c496d31fd772c1fd45ebc27e902b0"
dependencies = [
 "memchr",
]

[[package]]
name = "once_cell"
version = "1.18.0"
source = "registry+https://github.com/rust-lang/crates.io-index"
checksum = "dd8b5dd2ae5ed71462c540258bedcb51965123ad7e7ccf4b9a8cafaa4a63576d"

[[package]]
name = "option-ext"
version = "0.2.0"
source = "registry+https://github.com/rust-lang/crates.io-index"
checksum = "04744f49eae99ab78e0d5c0b603ab218f515ea8cfe5a456d7629ad883a3b6e7d"

[[package]]
name = "os_info"
version = "3.7.0"
source = "registry+https://github.com/rust-lang/crates.io-index"
checksum = "006e42d5b888366f1880eda20371fedde764ed2213dc8496f49622fa0c99cd5e"
dependencies = [
 "log",
 "serde",
 "winapi",
]

[[package]]
name = "powerfmt"
version = "0.2.0"
source = "registry+https://github.com/rust-lang/crates.io-index"
checksum = "439ee305def115ba05938db6eb1644ff94165c5ab5e9420d1c1bcedbba909391"

[[package]]
name = "proc-macro2"
version = "1.0.69"
source = "registry+https://github.com/rust-lang/crates.io-index"
checksum = "134c189feb4956b20f6f547d2cf727d4c0fe06722b20a0eec87ed445a97f92da"
dependencies = [
 "unicode-ident",
]

[[package]]
name = "quote"
version = "1.0.33"
source = "registry+https://github.com/rust-lang/crates.io-index"
checksum = "5267fca4496028628a95160fc423a33e8b2e6af8a5302579e322e4b520293cae"
dependencies = [
 "proc-macro2",
]

[[package]]
name = "rayon"
version = "1.8.0"
source = "registry+https://github.com/rust-lang/crates.io-index"
checksum = "9c27db03db7734835b3f53954b534c91069375ce6ccaa2e065441e07d9b6cdb1"
dependencies = [
 "either",
 "rayon-core",
]

[[package]]
name = "rayon-core"
version = "1.12.0"
source = "registry+https://github.com/rust-lang/crates.io-index"
checksum = "5ce3fb6ad83f861aac485e76e1985cd109d9a3713802152be56c3b1f0e0658ed"
dependencies = [
 "crossbeam-deque",
 "crossbeam-utils",
]

[[package]]
name = "redox_syscall"
version = "0.2.16"
source = "registry+https://github.com/rust-lang/crates.io-index"
checksum = "fb5a58c1855b4b6819d59012155603f0b22ad30cad752600aadfcb695265519a"
dependencies = [
 "bitflags",
]

[[package]]
name = "redox_users"
version = "0.4.3"
source = "registry+https://github.com/rust-lang/crates.io-index"
checksum = "b033d837a7cf162d7993aded9304e30a83213c648b6e389db233191f891e5c2b"
dependencies = [
 "getrandom",
 "redox_syscall",
 "thiserror",
]

[[package]]
name = "rustc-demangle"
version = "0.1.23"
source = "registry+https://github.com/rust-lang/crates.io-index"
checksum = "d626bb9dae77e28219937af045c257c28bfd3f69333c512553507f5f9798cb76"

[[package]]
name = "ryu"
version = "1.0.15"
source = "registry+https://github.com/rust-lang/crates.io-index"
checksum = "1ad4cc8da4ef723ed60bced201181d83791ad433213d8c24efffda1eec85d741"

[[package]]
name = "scopeguard"
version = "1.2.0"
source = "registry+https://github.com/rust-lang/crates.io-index"
checksum = "94143f37725109f92c262ed2cf5e59bce7498c01bcc1502d7b9afe439a4e9f49"

[[package]]
name = "serde"
version = "1.0.193"
source = "registry+https://github.com/rust-lang/crates.io-index"
checksum = "25dd9975e68d0cb5aa1120c288333fc98731bd1dd12f561e468ea4728c042b89"
dependencies = [
 "serde_derive",
]

[[package]]
name = "serde_derive"
version = "1.0.193"
source = "registry+https://github.com/rust-lang/crates.io-index"
checksum = "43576ca501357b9b071ac53cdc7da8ef0cbd9493d8df094cd821777ea6e894d3"
dependencies = [
 "proc-macro2",
 "quote",
 "syn",
]

[[package]]
name = "serde_json"
version = "1.0.108"
source = "registry+https://github.com/rust-lang/crates.io-index"
checksum = "3d1c7e3eac408d115102c4c24ad393e0821bb3a5df4d506a80f85f7a742a526b"
dependencies = [
 "itoa",
 "ryu",
 "serde",
]

[[package]]
name = "serde_spanned"
version = "0.6.4"
source = "registry+https://github.com/rust-lang/crates.io-index"
checksum = "12022b835073e5b11e90a14f86838ceb1c8fb0325b72416845c487ac0fa95e80"
dependencies = [
 "serde",
]

[[package]]
name = "simplelog"
version = "0.12.1"
source = "registry+https://github.com/rust-lang/crates.io-index"
checksum = "acee08041c5de3d5048c8b3f6f13fafb3026b24ba43c6a695a0c76179b844369"
dependencies = [
 "log",
 "termcolor",
 "time",
]

[[package]]
name = "syn"
version = "2.0.38"
source = "registry+https://github.com/rust-lang/crates.io-index"
checksum = "e96b79aaa137db8f61e26363a0c9b47d8b4ec75da28b7d1d614c2303e232408b"
dependencies = [
 "proc-macro2",
 "quote",
 "unicode-ident",
]

[[package]]
name = "sysinfo"
version = "0.29.11"
source = "registry+https://github.com/rust-lang/crates.io-index"
checksum = "cd727fc423c2060f6c92d9534cef765c65a6ed3f428a03d7def74a8c4348e666"
dependencies = [
 "cfg-if",
 "core-foundation-sys",
 "libc",
 "ntapi",
 "once_cell",
 "rayon",
 "winapi",
]

[[package]]
name = "termcolor"
version = "1.1.3"
source = "registry+https://github.com/rust-lang/crates.io-index"
checksum = "bab24d30b911b2376f3a13cc2cd443142f0c81dda04c118693e35b3835757755"
dependencies = [
 "winapi-util",
]

[[package]]
name = "thiserror"
version = "1.0.50"
source = "registry+https://github.com/rust-lang/crates.io-index"
checksum = "f9a7210f5c9a7156bb50aa36aed4c95afb51df0df00713949448cf9e97d382d2"
dependencies = [
 "thiserror-impl",
]

[[package]]
name = "thiserror-impl"
version = "1.0.50"
source = "registry+https://github.com/rust-lang/crates.io-index"
checksum = "266b2e40bc00e5a6c09c3584011e08b06f123c00362c92b975ba9843aaaa14b8"
dependencies = [
 "proc-macro2",
 "quote",
 "syn",
]

[[package]]
name = "time"
version = "0.3.30"
source = "registry+https://github.com/rust-lang/crates.io-index"
checksum = "c4a34ab300f2dee6e562c10a046fc05e358b29f9bf92277f30c3c8d82275f6f5"
dependencies = [
 "deranged",
 "itoa",
 "libc",
 "num_threads",
 "powerfmt",
 "serde",
 "time-core",
 "time-macros",
]

[[package]]
name = "time-core"
version = "0.1.2"
source = "registry+https://github.com/rust-lang/crates.io-index"
checksum = "ef927ca75afb808a4d64dd374f00a2adf8d0fcff8e7b184af886c3c87ec4a3f3"

[[package]]
name = "time-macros"
version = "0.2.15"
source = "registry+https://github.com/rust-lang/crates.io-index"
checksum = "4ad70d68dba9e1f8aceda7aa6711965dfec1cac869f311a51bd08b3a2ccbce20"
dependencies = [
 "time-core",
]

[[package]]
name = "toml"
version = "0.5.11"
source = "registry+https://github.com/rust-lang/crates.io-index"
checksum = "f4f7f0dd8d50a853a531c426359045b1998f04219d88799810762cd4ad314234"
dependencies = [
 "serde",
]

[[package]]
name = "toml"
version = "0.8.8"
source = "registry+https://github.com/rust-lang/crates.io-index"
checksum = "a1a195ec8c9da26928f773888e0742ca3ca1040c6cd859c919c9f59c1954ab35"
dependencies = [
 "serde",
 "serde_spanned",
 "toml_datetime",
 "toml_edit",
]

[[package]]
name = "toml_datetime"
version = "0.6.5"
source = "registry+https://github.com/rust-lang/crates.io-index"
checksum = "3550f4e9685620ac18a50ed434eb3aec30db8ba93b0287467bca5826ea25baf1"
dependencies = [
 "serde",
]

[[package]]
name = "toml_edit"
version = "0.21.0"
source = "registry+https://github.com/rust-lang/crates.io-index"
checksum = "d34d383cd00a163b4a5b85053df514d45bc330f6de7737edfe0a93311d1eaa03"
dependencies = [
 "indexmap",
 "serde",
 "serde_spanned",
 "toml_datetime",
 "winnow",
]

[[package]]
name = "typewit"
version = "1.8.0"
source = "registry+https://github.com/rust-lang/crates.io-index"
checksum = "6779a69cc5f9a7388274a0a8a353eb1c9e45195f9ae74a26690b055a7cf9592a"
dependencies = [
 "typewit_proc_macros",
]

[[package]]
name = "typewit_proc_macros"
version = "1.8.1"
source = "registry+https://github.com/rust-lang/crates.io-index"
checksum = "e36a83ea2b3c704935a01b4642946aadd445cea40b10935e3f8bd8052b8193d6"

[[package]]
name = "unicode-ident"
version = "1.0.12"
source = "registry+https://github.com/rust-lang/crates.io-index"
checksum = "3354b9ac3fae1ff6755cb6db53683adb661634f67557942dea4facebec0fee4b"

[[package]]
name = "utf8parse"
version = "0.2.1"
source = "registry+https://github.com/rust-lang/crates.io-index"
checksum = "711b9620af191e0cdc7468a8d14e709c3dcdb115b36f838e601583af800a370a"

[[package]]
name = "uuid"
version = "1.5.0"
source = "registry+https://github.com/rust-lang/crates.io-index"
checksum = "88ad59a7560b41a70d191093a945f0b87bc1deeda46fb237479708a1d6b6cdfc"
dependencies = [
 "getrandom",
]

[[package]]
name = "wasi"
version = "0.11.0+wasi-snapshot-preview1"
source = "registry+https://github.com/rust-lang/crates.io-index"
checksum = "9c8d87e72b64a3b4db28d11ce29237c246188f4f51057d65a7eab63b7987e423"

[[package]]
name = "wasm-bindgen"
version = "0.2.88"
source = "registry+https://github.com/rust-lang/crates.io-index"
checksum = "7daec296f25a1bae309c0cd5c29c4b260e510e6d813c286b19eaadf409d40fce"
dependencies = [
 "cfg-if",
 "wasm-bindgen-macro",
]

[[package]]
name = "wasm-bindgen-backend"
version = "0.2.88"
source = "registry+https://github.com/rust-lang/crates.io-index"
checksum = "e397f4664c0e4e428e8313a469aaa58310d302159845980fd23b0f22a847f217"
dependencies = [
 "bumpalo",
 "log",
 "once_cell",
 "proc-macro2",
 "quote",
 "syn",
 "wasm-bindgen-shared",
]

[[package]]
name = "wasm-bindgen-macro"
version = "0.2.88"
source = "registry+https://github.com/rust-lang/crates.io-index"
checksum = "5961017b3b08ad5f3fe39f1e79877f8ee7c23c5e5fd5eb80de95abc41f1f16b2"
dependencies = [
 "quote",
 "wasm-bindgen-macro-support",
]

[[package]]
name = "wasm-bindgen-macro-support"
version = "0.2.88"
source = "registry+https://github.com/rust-lang/crates.io-index"
checksum = "c5353b8dab669f5e10f5bd76df26a9360c748f054f862ff5f3f8aae0c7fb3907"
dependencies = [
 "proc-macro2",
 "quote",
 "syn",
 "wasm-bindgen-backend",
 "wasm-bindgen-shared",
]

[[package]]
name = "wasm-bindgen-shared"
version = "0.2.88"
source = "registry+https://github.com/rust-lang/crates.io-index"
checksum = "0d046c5d029ba91a1ed14da14dca44b68bf2f124cfbaf741c54151fdb3e0750b"

[[package]]
name = "winapi"
version = "0.3.9"
source = "registry+https://github.com/rust-lang/crates.io-index"
checksum = "5c839a674fcd7a98952e593242ea400abe93992746761e38641405d28b00f419"
dependencies = [
 "winapi-i686-pc-windows-gnu",
 "winapi-x86_64-pc-windows-gnu",
]

[[package]]
name = "winapi-i686-pc-windows-gnu"
version = "0.4.0"
source = "registry+https://github.com/rust-lang/crates.io-index"
checksum = "ac3b87c63620426dd9b991e5ce0329eff545bccbbb34f3be09ff6fb6ab51b7b6"

[[package]]
name = "winapi-util"
version = "0.1.6"
source = "registry+https://github.com/rust-lang/crates.io-index"
checksum = "f29e6f9198ba0d26b4c9f07dbe6f9ed633e1f3d5b8b414090084349e46a52596"
dependencies = [
 "winapi",
]

[[package]]
name = "winapi-x86_64-pc-windows-gnu"
version = "0.4.0"
source = "registry+https://github.com/rust-lang/crates.io-index"
checksum = "712e227841d057c1ee1cd2fb22fa7e5a5461ae8e48fa2ca79ec42cfc1931183f"

[[package]]
name = "windows"
version = "0.51.1"
source = "registry+https://github.com/rust-lang/crates.io-index"
checksum = "ca229916c5ee38c2f2bc1e9d8f04df975b4bd93f9955dc69fabb5d91270045c9"
dependencies = [
 "windows-core 0.51.1",
 "windows-targets 0.48.5",
]

[[package]]
name = "windows"
version = "0.52.0"
source = "registry+https://github.com/rust-lang/crates.io-index"
checksum = "e48a53791691ab099e5e2ad123536d0fff50652600abaf43bbf952894110d0be"
dependencies = [
 "windows-core 0.52.0",
 "windows-targets 0.52.0",
]

[[package]]
name = "windows-core"
version = "0.51.1"
source = "registry+https://github.com/rust-lang/crates.io-index"
checksum = "f1f8cf84f35d2db49a46868f947758c7a1138116f7fac3bc844f43ade1292e64"
dependencies = [
 "windows-targets 0.48.5",
]

[[package]]
name = "windows-core"
version = "0.52.0"
source = "registry+https://github.com/rust-lang/crates.io-index"
checksum = "33ab640c8d7e35bf8ba19b884ba838ceb4fba93a4e8c65a9059d08afcfc683d9"
dependencies = [
 "windows-targets 0.52.0",
]

[[package]]
name = "windows-sys"
version = "0.48.0"
source = "registry+https://github.com/rust-lang/crates.io-index"
checksum = "677d2418bec65e3338edb076e806bc1ec15693c5d0104683f2efe857f61056a9"
dependencies = [
 "windows-targets 0.48.5",
]

[[package]]
name = "windows-sys"
version = "0.52.0"
source = "registry+https://github.com/rust-lang/crates.io-index"
checksum = "282be5f36a8ce781fad8c8ae18fa3f9beff57ec1b52cb3de0789201425d9a33d"
dependencies = [
 "windows-targets 0.52.0",
]

[[package]]
name = "windows-targets"
version = "0.48.5"
source = "registry+https://github.com/rust-lang/crates.io-index"
checksum = "9a2fa6e2155d7247be68c096456083145c183cbbbc2764150dda45a87197940c"
dependencies = [
 "windows_aarch64_gnullvm 0.48.5",
 "windows_aarch64_msvc 0.48.5",
 "windows_i686_gnu 0.48.5",
 "windows_i686_msvc 0.48.5",
 "windows_x86_64_gnu 0.48.5",
 "windows_x86_64_gnullvm 0.48.5",
 "windows_x86_64_msvc 0.48.5",
]

[[package]]
name = "windows-targets"
version = "0.52.0"
source = "registry+https://github.com/rust-lang/crates.io-index"
checksum = "8a18201040b24831fbb9e4eb208f8892e1f50a37feb53cc7ff887feb8f50e7cd"
dependencies = [
 "windows_aarch64_gnullvm 0.52.0",
 "windows_aarch64_msvc 0.52.0",
 "windows_i686_gnu 0.52.0",
 "windows_i686_msvc 0.52.0",
 "windows_x86_64_gnu 0.52.0",
 "windows_x86_64_gnullvm 0.52.0",
 "windows_x86_64_msvc 0.52.0",
]

[[package]]
name = "windows_aarch64_gnullvm"
version = "0.48.5"
source = "registry+https://github.com/rust-lang/crates.io-index"
checksum = "2b38e32f0abccf9987a4e3079dfb67dcd799fb61361e53e2882c3cbaf0d905d8"

[[package]]
name = "windows_aarch64_gnullvm"
version = "0.52.0"
source = "registry+https://github.com/rust-lang/crates.io-index"
checksum = "cb7764e35d4db8a7921e09562a0304bf2f93e0a51bfccee0bd0bb0b666b015ea"

[[package]]
name = "windows_aarch64_msvc"
version = "0.48.5"
source = "registry+https://github.com/rust-lang/crates.io-index"
checksum = "dc35310971f3b2dbbf3f0690a219f40e2d9afcf64f9ab7cc1be722937c26b4bc"

[[package]]
name = "windows_aarch64_msvc"
version = "0.52.0"
source = "registry+https://github.com/rust-lang/crates.io-index"
checksum = "bbaa0368d4f1d2aaefc55b6fcfee13f41544ddf36801e793edbbfd7d7df075ef"

[[package]]
name = "windows_i686_gnu"
version = "0.48.5"
source = "registry+https://github.com/rust-lang/crates.io-index"
checksum = "a75915e7def60c94dcef72200b9a8e58e5091744960da64ec734a6c6e9b3743e"

[[package]]
name = "windows_i686_gnu"
version = "0.52.0"
source = "registry+https://github.com/rust-lang/crates.io-index"
checksum = "a28637cb1fa3560a16915793afb20081aba2c92ee8af57b4d5f28e4b3e7df313"

[[package]]
name = "windows_i686_msvc"
version = "0.48.5"
source = "registry+https://github.com/rust-lang/crates.io-index"
checksum = "8f55c233f70c4b27f66c523580f78f1004e8b5a8b659e05a4eb49d4166cca406"

[[package]]
name = "windows_i686_msvc"
version = "0.52.0"
source = "registry+https://github.com/rust-lang/crates.io-index"
checksum = "ffe5e8e31046ce6230cc7215707b816e339ff4d4d67c65dffa206fd0f7aa7b9a"

[[package]]
name = "windows_x86_64_gnu"
version = "0.48.5"
source = "registry+https://github.com/rust-lang/crates.io-index"
checksum = "53d40abd2583d23e4718fddf1ebec84dbff8381c07cae67ff7768bbf19c6718e"

[[package]]
name = "windows_x86_64_gnu"
version = "0.52.0"
source = "registry+https://github.com/rust-lang/crates.io-index"
checksum = "3d6fa32db2bc4a2f5abeacf2b69f7992cd09dca97498da74a151a3132c26befd"

[[package]]
name = "windows_x86_64_gnullvm"
version = "0.48.5"
source = "registry+https://github.com/rust-lang/crates.io-index"
checksum = "0b7b52767868a23d5bab768e390dc5f5c55825b6d30b86c844ff2dc7414044cc"

[[package]]
name = "windows_x86_64_gnullvm"
version = "0.52.0"
source = "registry+https://github.com/rust-lang/crates.io-index"
checksum = "1a657e1e9d3f514745a572a6846d3c7aa7dbe1658c056ed9c3344c4109a6949e"

[[package]]
name = "windows_x86_64_msvc"
version = "0.48.5"
source = "registry+https://github.com/rust-lang/crates.io-index"
checksum = "ed94fce61571a4006852b7389a063ab983c02eb1bb37b47f8272ce92d06d9538"

[[package]]
name = "windows_x86_64_msvc"
version = "0.52.0"
source = "registry+https://github.com/rust-lang/crates.io-index"
checksum = "dff9641d1cd4be8d1a070daf9e3773c5f67e78b4d9d42263020c057706765c04"

[[package]]
name = "winnow"
version = "0.5.18"
source = "registry+https://github.com/rust-lang/crates.io-index"
checksum = "176b6138793677221d420fd2f0aeeced263f197688b36484660da767bca2fa32"
dependencies = [
 "memchr",
]

[[package]]
name = "winreg"
version = "0.52.0"
source = "registry+https://github.com/rust-lang/crates.io-index"
checksum = "a277a57398d4bfa075df44f501a17cfdf8542d224f0d36095a2adc7aee4ef0a5"
dependencies = [
 "cfg-if",
 "windows-sys 0.48.0",
]

[[package]]
name = "winres"
version = "0.1.12"
source = "registry+https://github.com/rust-lang/crates.io-index"
checksum = "b68db261ef59e9e52806f688020631e987592bd83619edccda9c47d42cde4f6c"
dependencies = [
 "toml 0.5.11",
]

[[package]]
name = "yet-another-bg3-mod-loader"
version = "0.1.3"
dependencies = [
 "anyhow",
 "backtrace",
 "bg3-plugin-lib",
 "chrono",
 "directories",
 "human-panic",
 "log",
 "serde",
 "serde_json",
 "simplelog",
 "sysinfo",
 "toml 0.8.8",
 "windows 0.52.0",
 "windows-sys 0.52.0",
 "winreg",
 "winres",
]
